PODS:
  - Nimble (3.0.0)
  - Quick (0.8.0)
  - SDWebImage (3.7.4):
    - SDWebImage/Core (= 3.7.4)
  - SDWebImage/Core (3.7.4)

DEPENDENCIES:
  - Nimble (= 3.0.0)
  - Quick (~> 0.8.0)
  - SDWebImage (~> 3.7)

SPEC CHECKSUMS:
  Nimble: 4c353d43735b38b545cbb4cb91504588eb5de926
  Quick: 563d0f6ec5f72e394645adb377708639b7dd38ab
  SDWebImage: 247edd7dd80dd6124197b0d6a17846fe9d1df968

COCOAPODS: 0.39.0
