PODS:
  - ARSPopover (2.1.0)
  - Google/Analytics (1.3.2):
    - Google/Core
    - GoogleAnalytics (~> 3.12)
  - Google/Core (1.3.2):
    - GoogleInterchangeUtilities (~> 1.0)
    - GoogleNetworkingUtilities (~> 1.0)
    - GoogleSymbolUtilities (~> 1.0)
    - GoogleUtilities (~> 1.1)
  - GoogleAnalytics (3.14.0)
  - GoogleInterchangeUtilities (1.1.0):
    - GoogleSymbolUtilities (~> 1.0)
  - GoogleNetworkingUtilities (1.0.0):
    - GoogleSymbolUtilities (~> 1.0)
  - GoogleSymbolUtilities (1.0.3)
  - GoogleUtilities (1.1.0):
    - GoogleSymbolUtilities (~> 1.0.0)
  - Kanna (1.0.4)
  - Locksmith (2.0.8)
  - Nimble (3.0.0)
  - Quick (0.8.0)
  - SDWebImage (3.8.1):
    - SDWebImage/Core (= 3.8.1)
  - SDWebImage/Core (3.8.1)

DEPENDENCIES:
  - ARSPopover (~> 2.0)
  - Google/Analytics
  - Kanna (~> 1.0.0)
  - Locksmith (= 2.0.8)
  - Nimble (= 3.0.0)
  - Quick (~> 0.8.0)
  - SDWebImage (~> 3.8)

SPEC CHECKSUMS:
  ARSPopover: d3d4cd4a7766aadc3f0c47d03eee1ebae7a0ea83
  Google: 97618e118111b998cce1d8dd1bd98b82301d72db
  GoogleAnalytics: 9be1afdb8deeac4bb5f13ca7f7d3b9db2a1f43dc
  GoogleInterchangeUtilities: d7f7174176fbcf9710f696f1acebad4dbd98ac03
  GoogleNetworkingUtilities: 292992ab31b7b4ba32809a0e8b40e324cdfb2c0c
  GoogleSymbolUtilities: 82ad9f93d3615244b3f4ce440f5ab2515e8b4f56
  GoogleUtilities: 8ed9134debe11719097881711464752900668f10
  Kanna: 537762df5e2203714769f8351340b3c724adb2bd
  Locksmith: a8ed41ac4c06506ea8cb199d8ec8a8d3d108eb2a
  Nimble: 4c353d43735b38b545cbb4cb91504588eb5de926
  Quick: 563d0f6ec5f72e394645adb377708639b7dd38ab
  SDWebImage: 35f9627a3e44b4f292a8a8ce6a531fa488239b91

PODFILE CHECKSUM: e4bb0bf0b433d3345e14ba0bbcc25e73c7926de3

COCOAPODS: 1.0.0.rc.2
