// !$*UTF8*$!
{
	archiveVersion = 1;
	classes = {
	};
	objectVersion = 46;
	objects = {

/* Begin PBXBuildFile section */
		09C3248F24EF90DA12AC8D01 /* Pods_GitHubAwardsTests.framework in Frameworks */ = {isa = PBXBuildFile; fileRef = CC3746364C261170EEBCB73C /* Pods_GitHubAwardsTests.framework */; };
		850485311C0FB10C004D952A /* AlertView.swift in Sources */ = {isa = PBXBuildFile; fileRef = 850485301C0FB10C004D952A /* AlertView.swift */; };
		850485331C0FB11A004D952A /* AlertView.xib in Resources */ = {isa = PBXBuildFile; fileRef = 850485321C0FB11A004D952A /* AlertView.xib */; };
		850485381C104AE8004D952A /* GenericLanguage.png in Resources */ = {isa = PBXBuildFile; fileRef = 850485341C104AE8004D952A /* GenericLanguage.png */; };
		850485391C104AE8004D952A /* java.png in Resources */ = {isa = PBXBuildFile; fileRef = 850485351C104AE8004D952A /* java.png */; };
		8504853A1C104AE8004D952A /* javascript.png in Resources */ = {isa = PBXBuildFile; fileRef = 850485361C104AE8004D952A /* javascript.png */; };
		8504853B1C104AE8004D952A /* swift.png in Resources */ = {isa = PBXBuildFile; fileRef = 850485371C104AE8004D952A /* swift.png */; };
		850485421C104C2B004D952A /* c#.png in Resources */ = {isa = PBXBuildFile; fileRef = 8504853C1C104C2B004D952A /* c#.png */; };
		850485431C104C2B004D952A /* go.png in Resources */ = {isa = PBXBuildFile; fileRef = 8504853D1C104C2B004D952A /* go.png */; };
		850485441C104C2B004D952A /* pearl.png in Resources */ = {isa = PBXBuildFile; fileRef = 8504853E1C104C2B004D952A /* pearl.png */; };
		850485451C104C2B004D952A /* php.png in Resources */ = {isa = PBXBuildFile; fileRef = 8504853F1C104C2B004D952A /* php.png */; };
		850485461C104C2B004D952A /* python.png in Resources */ = {isa = PBXBuildFile; fileRef = 850485401C104C2B004D952A /* python.png */; };
		850485471C104C2B004D952A /* ruby.png in Resources */ = {isa = PBXBuildFile; fileRef = 850485411C104C2B004D952A /* ruby.png */; };
		8508B7671C1593230024684F /* 3.png in Resources */ = {isa = PBXBuildFile; fileRef = 8508B7641C1593230024684F /* 3.png */; };
		8508B7681C1593230024684F /* 2.png in Resources */ = {isa = PBXBuildFile; fileRef = 8508B7651C1593230024684F /* 2.png */; };
		8508B7691C1593230024684F /* 1.png in Resources */ = {isa = PBXBuildFile; fileRef = 8508B7661C1593230024684F /* 1.png */; };
		8508B76B1C1593D40024684F /* UIColor.swift in Sources */ = {isa = PBXBuildFile; fileRef = 8508B76A1C1593D40024684F /* UIColor.swift */; };
		85168C841C0733BA00091553 /* UsersSearchController.swift in Sources */ = {isa = PBXBuildFile; fileRef = 85168C831C0733BA00091553 /* UsersSearchController.swift */; };
		8517ECBD1C2C11AB00467985 /* RankingPresenter.swift in Sources */ = {isa = PBXBuildFile; fileRef = 8517ECBC1C2C11AB00467985 /* RankingPresenter.swift */; };
		8517ECBF1C2C1EDB00467985 /* RankingPresenterTests.swift in Sources */ = {isa = PBXBuildFile; fileRef = 8517ECBE1C2C1EDB00467985 /* RankingPresenterTests.swift */; };
		85198B761C05CE6C007ACC73 /* LanguagesController.swift in Sources */ = {isa = PBXBuildFile; fileRef = 85198B751C05CE6C007ACC73 /* LanguagesController.swift */; };
		851D3C381C09134600870813 /* NetworkRequester.swift in Sources */ = {isa = PBXBuildFile; fileRef = 851D3C371C09134600870813 /* NetworkRequester.swift */; };
		851D3C3A1C0913E900870813 /* NetworkResponse.swift in Sources */ = {isa = PBXBuildFile; fileRef = 851D3C391C0913E900870813 /* NetworkResponse.swift */; };
		853C48DD1C0921AF00373A92 /* Paginator.swift in Sources */ = {isa = PBXBuildFile; fileRef = 853C48DC1C0921AF00373A92 /* Paginator.swift */; };
		853C48DF1C0923A700373A92 /* ConvertUsersDictionaryToUsers.swift in Sources */ = {isa = PBXBuildFile; fileRef = 853C48DE1C0923A700373A92 /* ConvertUsersDictionaryToUsers.swift */; };
		853C48E11C09A28400373A92 /* GetUser.swift in Sources */ = {isa = PBXBuildFile; fileRef = 853C48E01C09A28400373A92 /* GetUser.swift */; };
		853C48E31C09A35F00373A92 /* CreateBasicUserFromDictionary.swift in Sources */ = {isa = PBXBuildFile; fileRef = 853C48E21C09A35F00373A92 /* CreateBasicUserFromDictionary.swift */; };
		856A72E11C122C1E008415A4 /* c.png in Resources */ = {isa = PBXBuildFile; fileRef = 856A72DC1C122C1E008415A4 /* c.png */; };
		856A72E21C122C1E008415A4 /* c++.png in Resources */ = {isa = PBXBuildFile; fileRef = 856A72DD1C122C1E008415A4 /* c++.png */; };
		856A72E31C122C1E008415A4 /* css.png in Resources */ = {isa = PBXBuildFile; fileRef = 856A72DE1C122C1E008415A4 /* css.png */; };
		856A72E41C122C1E008415A4 /* objective-c.png in Resources */ = {isa = PBXBuildFile; fileRef = 856A72DF1C122C1E008415A4 /* objective-c.png */; };
		856A72E51C122C1E008415A4 /* shell.png in Resources */ = {isa = PBXBuildFile; fileRef = 856A72E01C122C1E008415A4 /* shell.png */; };
		856A72E71C12509F008415A4 /* LanguageCell.swift in Sources */ = {isa = PBXBuildFile; fileRef = 856A72E61C12509F008415A4 /* LanguageCell.swift */; };
		857C48951C119307000F035C /* LanguageImage.swift in Sources */ = {isa = PBXBuildFile; fileRef = 857C48941C119307000F035C /* LanguageImage.swift */; };
		857C48991C119FF3000F035C /* background.png in Resources */ = {isa = PBXBuildFile; fileRef = 857C48981C119FF3000F035C /* background.png */; };
		857C489B1C11A041000F035C /* riscas.png in Resources */ = {isa = PBXBuildFile; fileRef = 857C489A1C11A041000F035C /* riscas.png */; };
		857C489D1C11A146000F035C /* img-min.png in Resources */ = {isa = PBXBuildFile; fileRef = 857C489C1C11A146000F035C /* img-min.png */; };
		857E2C331C1C37970095DCC0 /* SearchBar.swift in Sources */ = {isa = PBXBuildFile; fileRef = 857E2C321C1C37970095DCC0 /* SearchBar.swift */; };
		857E2C371C1C87370095DCC0 /* ConvertUsersDictionaryToUsersTests.swift in Sources */ = {isa = PBXBuildFile; fileRef = 857E2C361C1C87370095DCC0 /* ConvertUsersDictionaryToUsersTests.swift */; };
		85820F3C1C0E2BCE0069D085 /* GithubLoadingView.swift in Sources */ = {isa = PBXBuildFile; fileRef = 85820F3A1C0E2BCE0069D085 /* GithubLoadingView.swift */; };
		85820F3D1C0E2BCE0069D085 /* GithubLoadingView.xib in Resources */ = {isa = PBXBuildFile; fileRef = 85820F3B1C0E2BCE0069D085 /* GithubLoadingView.xib */; };
		85820F471C0E2C1A0069D085 /* tmp-0.gif in Resources */ = {isa = PBXBuildFile; fileRef = 85820F3F1C0E2C1A0069D085 /* tmp-0.gif */; };
		85820F481C0E2C1A0069D085 /* tmp-1.gif in Resources */ = {isa = PBXBuildFile; fileRef = 85820F401C0E2C1A0069D085 /* tmp-1.gif */; };
		85820F491C0E2C1A0069D085 /* tmp-2.gif in Resources */ = {isa = PBXBuildFile; fileRef = 85820F411C0E2C1A0069D085 /* tmp-2.gif */; };
		85820F4A1C0E2C1A0069D085 /* tmp-3.gif in Resources */ = {isa = PBXBuildFile; fileRef = 85820F421C0E2C1A0069D085 /* tmp-3.gif */; };
		85820F4B1C0E2C1A0069D085 /* tmp-4.gif in Resources */ = {isa = PBXBuildFile; fileRef = 85820F431C0E2C1A0069D085 /* tmp-4.gif */; };
		85820F4C1C0E2C1A0069D085 /* tmp-5.gif in Resources */ = {isa = PBXBuildFile; fileRef = 85820F441C0E2C1A0069D085 /* tmp-5.gif */; };
		85820F4D1C0E2C1A0069D085 /* tmp-6.gif in Resources */ = {isa = PBXBuildFile; fileRef = 85820F451C0E2C1A0069D085 /* tmp-6.gif */; };
		85820F4E1C0E2C1A0069D085 /* tmp-7.gif in Resources */ = {isa = PBXBuildFile; fileRef = 85820F461C0E2C1A0069D085 /* tmp-7.gif */; };
		85820F511C0EF4FC0069D085 /* NotifyError.swift in Sources */ = {isa = PBXBuildFile; fileRef = 85820F501C0EF4FC0069D085 /* NotifyError.swift */; };
		858B91111C085B1600B510B3 /* GetUsers.swift in Sources */ = {isa = PBXBuildFile; fileRef = 858B91101C085B1600B510B3 /* GetUsers.swift */; };
		858B91131C085B4C00B510B3 /* SearchOptions.swift in Sources */ = {isa = PBXBuildFile; fileRef = 858B91121C085B4C00B510B3 /* SearchOptions.swift */; };
		858B91151C085E6400B510B3 /* SearchOptionsTests.swift in Sources */ = {isa = PBXBuildFile; fileRef = 858B91141C085E6400B510B3 /* SearchOptionsTests.swift */; };
		8599284C1C0D9436000ABE8C /* LocationType.swift in Sources */ = {isa = PBXBuildFile; fileRef = 8599284B1C0D9436000ABE8C /* LocationType.swift */; };
		8599284E1C0D9579000ABE8C /* LocationTypeTests.swift in Sources */ = {isa = PBXBuildFile; fileRef = 8599284D1C0D9579000ABE8C /* LocationTypeTests.swift */; };
		859928511C0DAB23000ABE8C /* String.swift in Sources */ = {isa = PBXBuildFile; fileRef = 859928501C0DAB23000ABE8C /* String.swift */; };
		859CE4BF1C2FDF3D008A7856 /* UsersListResponseTests.swift in Sources */ = {isa = PBXBuildFile; fileRef = 859CE4BE1C2FDF3D008A7856 /* UsersListResponseTests.swift */; };
		85A1D2D01C2EB3A800774F49 /* MockNSURLSession.swift in Sources */ = {isa = PBXBuildFile; fileRef = 85A1D2CF1C2EB3A800774F49 /* MockNSURLSession.swift */; };
		85A1D2D21C2EB53500774F49 /* NetworkRequesterTests.swift in Sources */ = {isa = PBXBuildFile; fileRef = 85A1D2D11C2EB53500774F49 /* NetworkRequesterTests.swift */; };
		85AFEC1F1C0468CB006FC129 /* Ranking.swift in Sources */ = {isa = PBXBuildFile; fileRef = 85AFEC1E1C0468CB006FC129 /* Ranking.swift */; };
		85B2C2D01C18D07800112D95 /* UIView.swift in Sources */ = {isa = PBXBuildFile; fileRef = 85B2C2CF1C18D07800112D95 /* UIView.swift */; };
		85B2C2D21C197EE400112D95 /* star.png in Resources */ = {isa = PBXBuildFile; fileRef = 85B2C2D11C197EE400112D95 /* star.png */; };
		85B501831C10FCC300BBFD56 /* LanguageTitleView.xib in Resources */ = {isa = PBXBuildFile; fileRef = 85B501821C10FCC300BBFD56 /* LanguageTitleView.xib */; };
		85B501851C10FD8400BBFD56 /* LanguageTitleView.swift in Sources */ = {isa = PBXBuildFile; fileRef = 85B501841C10FD8400BBFD56 /* LanguageTitleView.swift */; };
		85D320F01C02062E001B7C7A /* AppDelegate.swift in Sources */ = {isa = PBXBuildFile; fileRef = 85D320EF1C02062E001B7C7A /* AppDelegate.swift */; };
		85D320F21C02062E001B7C7A /* LanguageRankingsController.swift in Sources */ = {isa = PBXBuildFile; fileRef = 85D320F11C02062E001B7C7A /* LanguageRankingsController.swift */; };
		85D320F51C02062E001B7C7A /* Main.storyboard in Resources */ = {isa = PBXBuildFile; fileRef = 85D320F31C02062E001B7C7A /* Main.storyboard */; };
		85D320F71C02062E001B7C7A /* Assets.xcassets in Resources */ = {isa = PBXBuildFile; fileRef = 85D320F61C02062E001B7C7A /* Assets.xcassets */; };
		85D320FA1C02062E001B7C7A /* LaunchScreen.storyboard in Resources */ = {isa = PBXBuildFile; fileRef = 85D320F81C02062E001B7C7A /* LaunchScreen.storyboard */; };
		85D321051C02062E001B7C7A /* GitHubAwardsTests.swift in Sources */ = {isa = PBXBuildFile; fileRef = 85D321041C02062E001B7C7A /* GitHubAwardsTests.swift */; };
		85D321101C02062E001B7C7A /* GitHubAwardsUITests.swift in Sources */ = {isa = PBXBuildFile; fileRef = 85D3210F1C02062E001B7C7A /* GitHubAwardsUITests.swift */; };
		85D3211E1C0211C2001B7C7A /* UserCell.swift in Sources */ = {isa = PBXBuildFile; fileRef = 85D3211D1C0211C2001B7C7A /* UserCell.swift */; };
		85D321211C0219C7001B7C7A /* User.swift in Sources */ = {isa = PBXBuildFile; fileRef = 85D321201C0219C7001B7C7A /* User.swift */; };
		85D321231C0222F4001B7C7A /* ImageLoader.swift in Sources */ = {isa = PBXBuildFile; fileRef = 85D321221C0222F4001B7C7A /* ImageLoader.swift */; };
		85D321251C022480001B7C7A /* UserDetailsController.swift in Sources */ = {isa = PBXBuildFile; fileRef = 85D321241C022480001B7C7A /* UserDetailsController.swift */; };
		85D321271C022D86001B7C7A /* RankingCell.swift in Sources */ = {isa = PBXBuildFile; fileRef = 85D321261C022D86001B7C7A /* RankingCell.swift */; };
		85E6566B1C134B4E00BB4278 /* UsersListResponse.swift in Sources */ = {isa = PBXBuildFile; fileRef = 85E6566A1C134B4E00BB4278 /* UsersListResponse.swift */; };
		85E6566D1C134C7000BB4278 /* PaginatorTests.swift in Sources */ = {isa = PBXBuildFile; fileRef = 85E6566C1C134C7000BB4278 /* PaginatorTests.swift */; };
		85E6566F1C1352C600BB4278 /* PaginaTable.swift in Sources */ = {isa = PBXBuildFile; fileRef = 85E6566E1C1352C600BB4278 /* PaginaTable.swift */; };
		85E656721C139ED100BB4278 /* TableViewDataSource.swift in Sources */ = {isa = PBXBuildFile; fileRef = 85E656711C139ED100BB4278 /* TableViewDataSource.swift */; };
		85E656741C139F5100BB4278 /* Book.swift in Sources */ = {isa = PBXBuildFile; fileRef = 85E656731C139F5100BB4278 /* Book.swift */; };
		85E656761C13A23400BB4278 /* LanguageUsersTableDataSource.swift in Sources */ = {isa = PBXBuildFile; fileRef = 85E656751C13A23400BB4278 /* LanguageUsersTableDataSource.swift */; };
		85E656781C13AB8A00BB4278 /* TableStateListener.swift in Sources */ = {isa = PBXBuildFile; fileRef = 85E656771C13AB8A00BB4278 /* TableStateListener.swift */; };
		85FA59631C15C5C00097732B /* UserTopCell.swift in Sources */ = {isa = PBXBuildFile; fileRef = 85FA59621C15C5C00097732B /* UserTopCell.swift */; };
		85FA59651C1645B00097732B /* K.swift in Sources */ = {isa = PBXBuildFile; fileRef = 85FA59641C1645B00097732B /* K.swift */; };
		85FA59671C16D6660097732B /* CreateFullUserFromDictionary.swift in Sources */ = {isa = PBXBuildFile; fileRef = 85FA59661C16D6660097732B /* CreateFullUserFromDictionary.swift */; };
		85FA596B1C1739560097732B /* GetLanguages.swift in Sources */ = {isa = PBXBuildFile; fileRef = 85FA596A1C1739560097732B /* GetLanguages.swift */; };
		85FC70661C244CAA00971081 /* UserPresenter.swift in Sources */ = {isa = PBXBuildFile; fileRef = 85FC70651C244CAA00971081 /* UserPresenter.swift */; };
		85FC70681C2456FF00971081 /* UserPresenterTests.swift in Sources */ = {isa = PBXBuildFile; fileRef = 85FC70671C2456FF00971081 /* UserPresenterTests.swift */; };
		C657C80956D153E47A9D5CE1 /* Pods_GitHubAwardsUITests.framework in Frameworks */ = {isa = PBXBuildFile; fileRef = 8D538C8C8F49F914BD66B647 /* Pods_GitHubAwardsUITests.framework */; };
/* End PBXBuildFile section */

/* Begin PBXContainerItemProxy section */
		85D321011C02062E001B7C7A /* PBXContainerItemProxy */ = {
			isa = PBXContainerItemProxy;
			containerPortal = 85D320E41C02062E001B7C7A /* Project object */;
			proxyType = 1;
			remoteGlobalIDString = 85D320EB1C02062E001B7C7A;
			remoteInfo = GitHubAwards;
		};
		85D3210C1C02062E001B7C7A /* PBXContainerItemProxy */ = {
			isa = PBXContainerItemProxy;
			containerPortal = 85D320E41C02062E001B7C7A /* Project object */;
			proxyType = 1;
			remoteGlobalIDString = 85D320EB1C02062E001B7C7A;
			remoteInfo = GitHubAwards;
		};
/* End PBXContainerItemProxy section */

/* Begin PBXFileReference section */
		2B319D43CCBBE8461B0F40D8 /* Pods-GitHubAwardsUITests.release.xcconfig */ = {isa = PBXFileReference; includeInIndex = 1; lastKnownFileType = text.xcconfig; name = "Pods-GitHubAwardsUITests.release.xcconfig"; path = "Pods/Target Support Files/Pods-GitHubAwardsUITests/Pods-GitHubAwardsUITests.release.xcconfig"; sourceTree = "<group>"; };
		3A854A958A36E310FED06DF2 /* Pods-GitHubAwardsTests.debug.xcconfig */ = {isa = PBXFileReference; includeInIndex = 1; lastKnownFileType = text.xcconfig; name = "Pods-GitHubAwardsTests.debug.xcconfig"; path = "Pods/Target Support Files/Pods-GitHubAwardsTests/Pods-GitHubAwardsTests.debug.xcconfig"; sourceTree = "<group>"; };
		6230FC059F797C4270D8300A /* Pods-GitHubAwardsUITests.debug.xcconfig */ = {isa = PBXFileReference; includeInIndex = 1; lastKnownFileType = text.xcconfig; name = "Pods-GitHubAwardsUITests.debug.xcconfig"; path = "Pods/Target Support Files/Pods-GitHubAwardsUITests/Pods-GitHubAwardsUITests.debug.xcconfig"; sourceTree = "<group>"; };
		850485301C0FB10C004D952A /* AlertView.swift */ = {isa = PBXFileReference; fileEncoding = 4; lastKnownFileType = sourcecode.swift; path = AlertView.swift; sourceTree = "<group>"; };
		850485321C0FB11A004D952A /* AlertView.xib */ = {isa = PBXFileReference; fileEncoding = 4; lastKnownFileType = file.xib; path = AlertView.xib; sourceTree = "<group>"; };
		850485341C104AE8004D952A /* GenericLanguage.png */ = {isa = PBXFileReference; lastKnownFileType = image.png; path = GenericLanguage.png; sourceTree = "<group>"; };
		850485351C104AE8004D952A /* java.png */ = {isa = PBXFileReference; lastKnownFileType = image.png; path = java.png; sourceTree = "<group>"; };
		850485361C104AE8004D952A /* javascript.png */ = {isa = PBXFileReference; lastKnownFileType = image.png; path = javascript.png; sourceTree = "<group>"; };
		850485371C104AE8004D952A /* swift.png */ = {isa = PBXFileReference; lastKnownFileType = image.png; path = swift.png; sourceTree = "<group>"; };
		8504853C1C104C2B004D952A /* c#.png */ = {isa = PBXFileReference; lastKnownFileType = image.png; path = "c#.png"; sourceTree = "<group>"; };
		8504853D1C104C2B004D952A /* go.png */ = {isa = PBXFileReference; lastKnownFileType = image.png; path = go.png; sourceTree = "<group>"; };
		8504853E1C104C2B004D952A /* pearl.png */ = {isa = PBXFileReference; lastKnownFileType = image.png; path = pearl.png; sourceTree = "<group>"; };
		8504853F1C104C2B004D952A /* php.png */ = {isa = PBXFileReference; lastKnownFileType = image.png; path = php.png; sourceTree = "<group>"; };
		850485401C104C2B004D952A /* python.png */ = {isa = PBXFileReference; lastKnownFileType = image.png; path = python.png; sourceTree = "<group>"; };
		850485411C104C2B004D952A /* ruby.png */ = {isa = PBXFileReference; lastKnownFileType = image.png; path = ruby.png; sourceTree = "<group>"; };
		8508B7641C1593230024684F /* 3.png */ = {isa = PBXFileReference; lastKnownFileType = image.png; path = 3.png; sourceTree = "<group>"; };
		8508B7651C1593230024684F /* 2.png */ = {isa = PBXFileReference; lastKnownFileType = image.png; path = 2.png; sourceTree = "<group>"; };
		8508B7661C1593230024684F /* 1.png */ = {isa = PBXFileReference; lastKnownFileType = image.png; path = 1.png; sourceTree = "<group>"; };
		8508B76A1C1593D40024684F /* UIColor.swift */ = {isa = PBXFileReference; fileEncoding = 4; lastKnownFileType = sourcecode.swift; path = UIColor.swift; sourceTree = "<group>"; };
		85168C831C0733BA00091553 /* UsersSearchController.swift */ = {isa = PBXFileReference; fileEncoding = 4; lastKnownFileType = sourcecode.swift; path = UsersSearchController.swift; sourceTree = "<group>"; };
		8517ECBC1C2C11AB00467985 /* RankingPresenter.swift */ = {isa = PBXFileReference; fileEncoding = 4; lastKnownFileType = sourcecode.swift; path = RankingPresenter.swift; sourceTree = "<group>"; };
		8517ECBE1C2C1EDB00467985 /* RankingPresenterTests.swift */ = {isa = PBXFileReference; fileEncoding = 4; lastKnownFileType = sourcecode.swift; path = RankingPresenterTests.swift; sourceTree = "<group>"; };
		85198B751C05CE6C007ACC73 /* LanguagesController.swift */ = {isa = PBXFileReference; fileEncoding = 4; lastKnownFileType = sourcecode.swift; path = LanguagesController.swift; sourceTree = "<group>"; };
		851D3C371C09134600870813 /* NetworkRequester.swift */ = {isa = PBXFileReference; fileEncoding = 4; lastKnownFileType = sourcecode.swift; path = NetworkRequester.swift; sourceTree = "<group>"; };
		851D3C391C0913E900870813 /* NetworkResponse.swift */ = {isa = PBXFileReference; fileEncoding = 4; lastKnownFileType = sourcecode.swift; path = NetworkResponse.swift; sourceTree = "<group>"; };
		853C48DC1C0921AF00373A92 /* Paginator.swift */ = {isa = PBXFileReference; fileEncoding = 4; lastKnownFileType = sourcecode.swift; path = Paginator.swift; sourceTree = "<group>"; };
		853C48DE1C0923A700373A92 /* ConvertUsersDictionaryToUsers.swift */ = {isa = PBXFileReference; fileEncoding = 4; lastKnownFileType = sourcecode.swift; path = ConvertUsersDictionaryToUsers.swift; sourceTree = "<group>"; };
		853C48E01C09A28400373A92 /* GetUser.swift */ = {isa = PBXFileReference; fileEncoding = 4; lastKnownFileType = sourcecode.swift; path = GetUser.swift; sourceTree = "<group>"; };
		853C48E21C09A35F00373A92 /* CreateBasicUserFromDictionary.swift */ = {isa = PBXFileReference; fileEncoding = 4; lastKnownFileType = sourcecode.swift; path = CreateBasicUserFromDictionary.swift; sourceTree = "<group>"; };
		856A72DC1C122C1E008415A4 /* c.png */ = {isa = PBXFileReference; lastKnownFileType = image.png; path = c.png; sourceTree = "<group>"; };
		856A72DD1C122C1E008415A4 /* c++.png */ = {isa = PBXFileReference; lastKnownFileType = image.png; path = "c++.png"; sourceTree = "<group>"; };
		856A72DE1C122C1E008415A4 /* css.png */ = {isa = PBXFileReference; lastKnownFileType = image.png; path = css.png; sourceTree = "<group>"; };
		856A72DF1C122C1E008415A4 /* objective-c.png */ = {isa = PBXFileReference; lastKnownFileType = image.png; path = "objective-c.png"; sourceTree = "<group>"; };
		856A72E01C122C1E008415A4 /* shell.png */ = {isa = PBXFileReference; lastKnownFileType = image.png; path = shell.png; sourceTree = "<group>"; };
		856A72E61C12509F008415A4 /* LanguageCell.swift */ = {isa = PBXFileReference; fileEncoding = 4; lastKnownFileType = sourcecode.swift; path = LanguageCell.swift; sourceTree = "<group>"; };
		857C48941C119307000F035C /* LanguageImage.swift */ = {isa = PBXFileReference; fileEncoding = 4; lastKnownFileType = sourcecode.swift; path = LanguageImage.swift; sourceTree = "<group>"; };
		857C48981C119FF3000F035C /* background.png */ = {isa = PBXFileReference; lastKnownFileType = image.png; path = background.png; sourceTree = "<group>"; };
		857C489A1C11A041000F035C /* riscas.png */ = {isa = PBXFileReference; lastKnownFileType = image.png; path = riscas.png; sourceTree = "<group>"; };
		857C489C1C11A146000F035C /* img-min.png */ = {isa = PBXFileReference; lastKnownFileType = image.png; path = "img-min.png"; sourceTree = "<group>"; };
		857E2C321C1C37970095DCC0 /* SearchBar.swift */ = {isa = PBXFileReference; fileEncoding = 4; lastKnownFileType = sourcecode.swift; path = SearchBar.swift; sourceTree = "<group>"; };
		857E2C361C1C87370095DCC0 /* ConvertUsersDictionaryToUsersTests.swift */ = {isa = PBXFileReference; fileEncoding = 4; lastKnownFileType = sourcecode.swift; path = ConvertUsersDictionaryToUsersTests.swift; sourceTree = "<group>"; };
		85820F3A1C0E2BCE0069D085 /* GithubLoadingView.swift */ = {isa = PBXFileReference; fileEncoding = 4; lastKnownFileType = sourcecode.swift; path = GithubLoadingView.swift; sourceTree = "<group>"; };
		85820F3B1C0E2BCE0069D085 /* GithubLoadingView.xib */ = {isa = PBXFileReference; fileEncoding = 4; lastKnownFileType = file.xib; path = GithubLoadingView.xib; sourceTree = "<group>"; };
		85820F3F1C0E2C1A0069D085 /* tmp-0.gif */ = {isa = PBXFileReference; lastKnownFileType = image.gif; path = "tmp-0.gif"; sourceTree = "<group>"; };
		85820F401C0E2C1A0069D085 /* tmp-1.gif */ = {isa = PBXFileReference; lastKnownFileType = image.gif; path = "tmp-1.gif"; sourceTree = "<group>"; };
		85820F411C0E2C1A0069D085 /* tmp-2.gif */ = {isa = PBXFileReference; lastKnownFileType = image.gif; path = "tmp-2.gif"; sourceTree = "<group>"; };
		85820F421C0E2C1A0069D085 /* tmp-3.gif */ = {isa = PBXFileReference; lastKnownFileType = image.gif; path = "tmp-3.gif"; sourceTree = "<group>"; };
		85820F431C0E2C1A0069D085 /* tmp-4.gif */ = {isa = PBXFileReference; lastKnownFileType = image.gif; path = "tmp-4.gif"; sourceTree = "<group>"; };
		85820F441C0E2C1A0069D085 /* tmp-5.gif */ = {isa = PBXFileReference; lastKnownFileType = image.gif; path = "tmp-5.gif"; sourceTree = "<group>"; };
		85820F451C0E2C1A0069D085 /* tmp-6.gif */ = {isa = PBXFileReference; lastKnownFileType = image.gif; path = "tmp-6.gif"; sourceTree = "<group>"; };
		85820F461C0E2C1A0069D085 /* tmp-7.gif */ = {isa = PBXFileReference; lastKnownFileType = image.gif; path = "tmp-7.gif"; sourceTree = "<group>"; };
		85820F501C0EF4FC0069D085 /* NotifyError.swift */ = {isa = PBXFileReference; fileEncoding = 4; lastKnownFileType = sourcecode.swift; path = NotifyError.swift; sourceTree = "<group>"; };
		858B91101C085B1600B510B3 /* GetUsers.swift */ = {isa = PBXFileReference; fileEncoding = 4; lastKnownFileType = sourcecode.swift; path = GetUsers.swift; sourceTree = "<group>"; };
		858B91121C085B4C00B510B3 /* SearchOptions.swift */ = {isa = PBXFileReference; fileEncoding = 4; lastKnownFileType = sourcecode.swift; path = SearchOptions.swift; sourceTree = "<group>"; };
		858B91141C085E6400B510B3 /* SearchOptionsTests.swift */ = {isa = PBXFileReference; fileEncoding = 4; lastKnownFileType = sourcecode.swift; path = SearchOptionsTests.swift; sourceTree = "<group>"; };
		8599284B1C0D9436000ABE8C /* LocationType.swift */ = {isa = PBXFileReference; fileEncoding = 4; lastKnownFileType = sourcecode.swift; path = LocationType.swift; sourceTree = "<group>"; };
		8599284D1C0D9579000ABE8C /* LocationTypeTests.swift */ = {isa = PBXFileReference; fileEncoding = 4; lastKnownFileType = sourcecode.swift; path = LocationTypeTests.swift; sourceTree = "<group>"; };
		859928501C0DAB23000ABE8C /* String.swift */ = {isa = PBXFileReference; fileEncoding = 4; lastKnownFileType = sourcecode.swift; path = String.swift; sourceTree = "<group>"; };
		859CE4BE1C2FDF3D008A7856 /* UsersListResponseTests.swift */ = {isa = PBXFileReference; fileEncoding = 4; lastKnownFileType = sourcecode.swift; path = UsersListResponseTests.swift; sourceTree = "<group>"; };
		85A1D2CF1C2EB3A800774F49 /* MockNSURLSession.swift */ = {isa = PBXFileReference; fileEncoding = 4; lastKnownFileType = sourcecode.swift; path = MockNSURLSession.swift; sourceTree = "<group>"; };
		85A1D2D11C2EB53500774F49 /* NetworkRequesterTests.swift */ = {isa = PBXFileReference; fileEncoding = 4; lastKnownFileType = sourcecode.swift; path = NetworkRequesterTests.swift; sourceTree = "<group>"; };
		85AFEC1E1C0468CB006FC129 /* Ranking.swift */ = {isa = PBXFileReference; fileEncoding = 4; lastKnownFileType = sourcecode.swift; path = Ranking.swift; sourceTree = "<group>"; };
		85B2C2CF1C18D07800112D95 /* UIView.swift */ = {isa = PBXFileReference; fileEncoding = 4; lastKnownFileType = sourcecode.swift; path = UIView.swift; sourceTree = "<group>"; };
		85B2C2D11C197EE400112D95 /* star.png */ = {isa = PBXFileReference; lastKnownFileType = image.png; path = star.png; sourceTree = "<group>"; };
		85B501821C10FCC300BBFD56 /* LanguageTitleView.xib */ = {isa = PBXFileReference; fileEncoding = 4; lastKnownFileType = file.xib; path = LanguageTitleView.xib; sourceTree = "<group>"; };
		85B501841C10FD8400BBFD56 /* LanguageTitleView.swift */ = {isa = PBXFileReference; fileEncoding = 4; lastKnownFileType = sourcecode.swift; path = LanguageTitleView.swift; sourceTree = "<group>"; };
		85D320EC1C02062E001B7C7A /* GitHubAwards.app */ = {isa = PBXFileReference; explicitFileType = wrapper.application; includeInIndex = 0; path = GitHubAwards.app; sourceTree = BUILT_PRODUCTS_DIR; };
		85D320EF1C02062E001B7C7A /* AppDelegate.swift */ = {isa = PBXFileReference; lastKnownFileType = sourcecode.swift; path = AppDelegate.swift; sourceTree = "<group>"; };
		85D320F11C02062E001B7C7A /* LanguageRankingsController.swift */ = {isa = PBXFileReference; lastKnownFileType = sourcecode.swift; path = LanguageRankingsController.swift; sourceTree = "<group>"; };
		85D320F41C02062E001B7C7A /* Base */ = {isa = PBXFileReference; lastKnownFileType = file.storyboard; name = Base; path = Base.lproj/Main.storyboard; sourceTree = "<group>"; };
		85D320F61C02062E001B7C7A /* Assets.xcassets */ = {isa = PBXFileReference; lastKnownFileType = folder.assetcatalog; path = Assets.xcassets; sourceTree = "<group>"; };
		85D320F91C02062E001B7C7A /* Base */ = {isa = PBXFileReference; lastKnownFileType = file.storyboard; name = Base; path = Base.lproj/LaunchScreen.storyboard; sourceTree = "<group>"; };
		85D320FB1C02062E001B7C7A /* Info.plist */ = {isa = PBXFileReference; lastKnownFileType = text.plist.xml; path = Info.plist; sourceTree = "<group>"; };
		85D321001C02062E001B7C7A /* GitHubAwardsTests.xctest */ = {isa = PBXFileReference; explicitFileType = wrapper.cfbundle; includeInIndex = 0; path = GitHubAwardsTests.xctest; sourceTree = BUILT_PRODUCTS_DIR; };
		85D321041C02062E001B7C7A /* GitHubAwardsTests.swift */ = {isa = PBXFileReference; lastKnownFileType = sourcecode.swift; path = GitHubAwardsTests.swift; sourceTree = "<group>"; };
		85D321061C02062E001B7C7A /* Info.plist */ = {isa = PBXFileReference; lastKnownFileType = text.plist.xml; path = Info.plist; sourceTree = "<group>"; };
		85D3210B1C02062E001B7C7A /* GitHubAwardsUITests.xctest */ = {isa = PBXFileReference; explicitFileType = wrapper.cfbundle; includeInIndex = 0; path = GitHubAwardsUITests.xctest; sourceTree = BUILT_PRODUCTS_DIR; };
		85D3210F1C02062E001B7C7A /* GitHubAwardsUITests.swift */ = {isa = PBXFileReference; lastKnownFileType = sourcecode.swift; path = GitHubAwardsUITests.swift; sourceTree = "<group>"; };
		85D321111C02062E001B7C7A /* Info.plist */ = {isa = PBXFileReference; lastKnownFileType = text.plist.xml; path = Info.plist; sourceTree = "<group>"; };
		85D3211D1C0211C2001B7C7A /* UserCell.swift */ = {isa = PBXFileReference; fileEncoding = 4; lastKnownFileType = sourcecode.swift; path = UserCell.swift; sourceTree = "<group>"; };
		85D321201C0219C7001B7C7A /* User.swift */ = {isa = PBXFileReference; fileEncoding = 4; lastKnownFileType = sourcecode.swift; path = User.swift; sourceTree = "<group>"; };
		85D321221C0222F4001B7C7A /* ImageLoader.swift */ = {isa = PBXFileReference; fileEncoding = 4; lastKnownFileType = sourcecode.swift; path = ImageLoader.swift; sourceTree = "<group>"; };
		85D321241C022480001B7C7A /* UserDetailsController.swift */ = {isa = PBXFileReference; fileEncoding = 4; lastKnownFileType = sourcecode.swift; path = UserDetailsController.swift; sourceTree = "<group>"; };
		85D321261C022D86001B7C7A /* RankingCell.swift */ = {isa = PBXFileReference; fileEncoding = 4; lastKnownFileType = sourcecode.swift; path = RankingCell.swift; sourceTree = "<group>"; };
		85E6566A1C134B4E00BB4278 /* UsersListResponse.swift */ = {isa = PBXFileReference; fileEncoding = 4; lastKnownFileType = sourcecode.swift; path = UsersListResponse.swift; sourceTree = "<group>"; };
		85E6566C1C134C7000BB4278 /* PaginatorTests.swift */ = {isa = PBXFileReference; fileEncoding = 4; lastKnownFileType = sourcecode.swift; path = PaginatorTests.swift; sourceTree = "<group>"; };
		85E6566E1C1352C600BB4278 /* PaginaTable.swift */ = {isa = PBXFileReference; fileEncoding = 4; lastKnownFileType = sourcecode.swift; path = PaginaTable.swift; sourceTree = "<group>"; };
		85E656711C139ED100BB4278 /* TableViewDataSource.swift */ = {isa = PBXFileReference; fileEncoding = 4; lastKnownFileType = sourcecode.swift; path = TableViewDataSource.swift; sourceTree = "<group>"; };
		85E656731C139F5100BB4278 /* Book.swift */ = {isa = PBXFileReference; fileEncoding = 4; lastKnownFileType = sourcecode.swift; path = Book.swift; sourceTree = "<group>"; };
		85E656751C13A23400BB4278 /* LanguageUsersTableDataSource.swift */ = {isa = PBXFileReference; fileEncoding = 4; lastKnownFileType = sourcecode.swift; path = LanguageUsersTableDataSource.swift; sourceTree = "<group>"; };
		85E656771C13AB8A00BB4278 /* TableStateListener.swift */ = {isa = PBXFileReference; fileEncoding = 4; lastKnownFileType = sourcecode.swift; path = TableStateListener.swift; sourceTree = "<group>"; };
		85FA59621C15C5C00097732B /* UserTopCell.swift */ = {isa = PBXFileReference; fileEncoding = 4; lastKnownFileType = sourcecode.swift; path = UserTopCell.swift; sourceTree = "<group>"; };
		85FA59641C1645B00097732B /* K.swift */ = {isa = PBXFileReference; fileEncoding = 4; lastKnownFileType = sourcecode.swift; path = K.swift; sourceTree = "<group>"; };
		85FA59661C16D6660097732B /* CreateFullUserFromDictionary.swift */ = {isa = PBXFileReference; fileEncoding = 4; lastKnownFileType = sourcecode.swift; path = CreateFullUserFromDictionary.swift; sourceTree = "<group>"; };
		85FA596A1C1739560097732B /* GetLanguages.swift */ = {isa = PBXFileReference; fileEncoding = 4; lastKnownFileType = sourcecode.swift; path = GetLanguages.swift; sourceTree = "<group>"; };
		85FC70651C244CAA00971081 /* UserPresenter.swift */ = {isa = PBXFileReference; fileEncoding = 4; lastKnownFileType = sourcecode.swift; path = UserPresenter.swift; sourceTree = "<group>"; };
		85FC70671C2456FF00971081 /* UserPresenterTests.swift */ = {isa = PBXFileReference; fileEncoding = 4; lastKnownFileType = sourcecode.swift; path = UserPresenterTests.swift; sourceTree = "<group>"; };
		8D538C8C8F49F914BD66B647 /* Pods_GitHubAwardsUITests.framework */ = {isa = PBXFileReference; explicitFileType = wrapper.framework; includeInIndex = 0; path = Pods_GitHubAwardsUITests.framework; sourceTree = BUILT_PRODUCTS_DIR; };
		CC3746364C261170EEBCB73C /* Pods_GitHubAwardsTests.framework */ = {isa = PBXFileReference; explicitFileType = wrapper.framework; includeInIndex = 0; path = Pods_GitHubAwardsTests.framework; sourceTree = BUILT_PRODUCTS_DIR; };
		E23109ECBE8CEF6CCD2FD34D /* Pods-GitHubAwardsTests.release.xcconfig */ = {isa = PBXFileReference; includeInIndex = 1; lastKnownFileType = text.xcconfig; name = "Pods-GitHubAwardsTests.release.xcconfig"; path = "Pods/Target Support Files/Pods-GitHubAwardsTests/Pods-GitHubAwardsTests.release.xcconfig"; sourceTree = "<group>"; };
/* End PBXFileReference section */

/* Begin PBXFrameworksBuildPhase section */
		85D320E91C02062E001B7C7A /* Frameworks */ = {
			isa = PBXFrameworksBuildPhase;
			buildActionMask = 2147483647;
			files = (
			);
			runOnlyForDeploymentPostprocessing = 0;
		};
		85D320FD1C02062E001B7C7A /* Frameworks */ = {
			isa = PBXFrameworksBuildPhase;
			buildActionMask = 2147483647;
			files = (
				09C3248F24EF90DA12AC8D01 /* Pods_GitHubAwardsTests.framework in Frameworks */,
			);
			runOnlyForDeploymentPostprocessing = 0;
		};
		85D321081C02062E001B7C7A /* Frameworks */ = {
			isa = PBXFrameworksBuildPhase;
			buildActionMask = 2147483647;
			files = (
				C657C80956D153E47A9D5CE1 /* Pods_GitHubAwardsUITests.framework in Frameworks */,
			);
			runOnlyForDeploymentPostprocessing = 0;
		};
/* End PBXFrameworksBuildPhase section */

/* Begin PBXGroup section */
		244F8BB1AB6827B60701FFBC /* Pods */ = {
			isa = PBXGroup;
			children = (
				3A854A958A36E310FED06DF2 /* Pods-GitHubAwardsTests.debug.xcconfig */,
				E23109ECBE8CEF6CCD2FD34D /* Pods-GitHubAwardsTests.release.xcconfig */,
				6230FC059F797C4270D8300A /* Pods-GitHubAwardsUITests.debug.xcconfig */,
				2B319D43CCBBE8461B0F40D8 /* Pods-GitHubAwardsUITests.release.xcconfig */,
			);
			name = Pods;
			sourceTree = "<group>";
		};
		285330A629B775DCF5F8AA67 /* Frameworks */ = {
			isa = PBXGroup;
			children = (
				CC3746364C261170EEBCB73C /* Pods_GitHubAwardsTests.framework */,
				8D538C8C8F49F914BD66B647 /* Pods_GitHubAwardsUITests.framework */,
			);
			name = Frameworks;
			sourceTree = "<group>";
		};
		851D3C361C09131D00870813 /* Networking */ = {
			isa = PBXGroup;
			children = (
				851D3C371C09134600870813 /* NetworkRequester.swift */,
				851D3C391C0913E900870813 /* NetworkResponse.swift */,
			);
			path = Networking;
			sourceTree = "<group>";
		};
		853C48DB1C09218800373A92 /* DictionaryModelMappers */ = {
			isa = PBXGroup;
			children = (
				853C48DE1C0923A700373A92 /* ConvertUsersDictionaryToUsers.swift */,
				853C48E21C09A35F00373A92 /* CreateBasicUserFromDictionary.swift */,
				85FA59661C16D6660097732B /* CreateFullUserFromDictionary.swift */,
			);
			path = DictionaryModelMappers;
			sourceTree = "<group>";
		};
		85820F391C0E2B900069D085 /* CustomViews */ = {
			isa = PBXGroup;
			children = (
				850485301C0FB10C004D952A /* AlertView.swift */,
				850485321C0FB11A004D952A /* AlertView.xib */,
				85820F3A1C0E2BCE0069D085 /* GithubLoadingView.swift */,
				85820F3B1C0E2BCE0069D085 /* GithubLoadingView.xib */,
				85B501841C10FD8400BBFD56 /* LanguageTitleView.swift */,
				85B501821C10FCC300BBFD56 /* LanguageTitleView.xib */,
				85E6566E1C1352C600BB4278 /* PaginaTable.swift */,
				857E2C321C1C37970095DCC0 /* SearchBar.swift */,
			);
			path = CustomViews;
			sourceTree = "<group>";
		};
		85820F3E1C0E2BDE0069D085 /* Images */ = {
			isa = PBXGroup;
			children = (
				8508B7641C1593230024684F /* 3.png */,
				8508B7651C1593230024684F /* 2.png */,
				8508B7661C1593230024684F /* 1.png */,
				850485341C104AE8004D952A /* GenericLanguage.png */,
				857C48981C119FF3000F035C /* background.png */,
				8504853C1C104C2B004D952A /* c#.png */,
				856A72DD1C122C1E008415A4 /* c++.png */,
				856A72DC1C122C1E008415A4 /* c.png */,
				856A72DE1C122C1E008415A4 /* css.png */,
				8504853D1C104C2B004D952A /* go.png */,
				857C489C1C11A146000F035C /* img-min.png */,
				850485351C104AE8004D952A /* java.png */,
				850485361C104AE8004D952A /* javascript.png */,
				856A72DF1C122C1E008415A4 /* objective-c.png */,
				8504853E1C104C2B004D952A /* pearl.png */,
				8504853F1C104C2B004D952A /* php.png */,
				850485401C104C2B004D952A /* python.png */,
				857C489A1C11A041000F035C /* riscas.png */,
				850485411C104C2B004D952A /* ruby.png */,
				856A72E01C122C1E008415A4 /* shell.png */,
				85B2C2D11C197EE400112D95 /* star.png */,
				850485371C104AE8004D952A /* swift.png */,
				85820F3F1C0E2C1A0069D085 /* tmp-0.gif */,
				85820F401C0E2C1A0069D085 /* tmp-1.gif */,
				85820F411C0E2C1A0069D085 /* tmp-2.gif */,
				85820F421C0E2C1A0069D085 /* tmp-3.gif */,
				85820F431C0E2C1A0069D085 /* tmp-4.gif */,
				85820F441C0E2C1A0069D085 /* tmp-5.gif */,
				85820F451C0E2C1A0069D085 /* tmp-6.gif */,
				85820F461C0E2C1A0069D085 /* tmp-7.gif */,
			);
			path = Images;
			sourceTree = "<group>";
		};
		85820F4F1C0EF4ED0069D085 /* Notifications */ = {
			isa = PBXGroup;
			children = (
				85820F501C0EF4FC0069D085 /* NotifyError.swift */,
			);
			path = Notifications;
			sourceTree = "<group>";
		};
		858B91091C0859F900B510B3 /* Supporting Files */ = {
			isa = PBXGroup;
			children = (
				85D320EF1C02062E001B7C7A /* AppDelegate.swift */,
				85D320FB1C02062E001B7C7A /* Info.plist */,
			);
			path = "Supporting Files";
			sourceTree = "<group>";
		};
		858B910A1C085A3300B510B3 /* Resources */ = {
			isa = PBXGroup;
			children = (
				85820F3E1C0E2BDE0069D085 /* Images */,
				85D320F61C02062E001B7C7A /* Assets.xcassets */,
			);
			path = Resources;
			sourceTree = "<group>";
		};
		858B910B1C085A5700B510B3 /* Custom Cells */ = {
			isa = PBXGroup;
			children = (
				856A72E61C12509F008415A4 /* LanguageCell.swift */,
				85D321261C022D86001B7C7A /* RankingCell.swift */,
				85D3211D1C0211C2001B7C7A /* UserCell.swift */,
				85FA59621C15C5C00097732B /* UserTopCell.swift */,
			);
			path = "Custom Cells";
			sourceTree = "<group>";
		};
		858B910C1C085A7000B510B3 /* Helpers */ = {
			isa = PBXGroup;
			children = (
				85D321221C0222F4001B7C7A /* ImageLoader.swift */,
			);
			path = Helpers;
			sourceTree = "<group>";
		};
		858B910D1C085AC700B510B3 /* Use Cases */ = {
			isa = PBXGroup;
			children = (
				853C48DB1C09218800373A92 /* DictionaryModelMappers */,
				85820F4F1C0EF4ED0069D085 /* Notifications */,
				85FA596C1C17395C0097732B /* Languages */,
				858B910F1C085B0800B510B3 /* Users */,
			);
			path = "Use Cases";
			sourceTree = "<group>";
		};
		858B910F1C085B0800B510B3 /* Users */ = {
			isa = PBXGroup;
			children = (
				858B91101C085B1600B510B3 /* GetUsers.swift */,
				853C48E01C09A28400373A92 /* GetUser.swift */,
			);
			path = Users;
			sourceTree = "<group>";
		};
		8599284F1C0DAB0E000ABE8C /* Extensions */ = {
			isa = PBXGroup;
			children = (
				859928501C0DAB23000ABE8C /* String.swift */,
				8508B76A1C1593D40024684F /* UIColor.swift */,
				85B2C2CF1C18D07800112D95 /* UIView.swift */,
			);
			path = Extensions;
			sourceTree = "<group>";
		};
		85A1D2CE1C2EB39500774F49 /* Mocks */ = {
			isa = PBXGroup;
			children = (
				85A1D2CF1C2EB3A800774F49 /* MockNSURLSession.swift */,
			);
			name = Mocks;
			sourceTree = "<group>";
		};
		85AFEC1C1C046898006FC129 /* Models */ = {
			isa = PBXGroup;
			children = (
				85E656731C139F5100BB4278 /* Book.swift */,
				85FA59641C1645B00097732B /* K.swift */,
				857C48941C119307000F035C /* LanguageImage.swift */,
				85E656751C13A23400BB4278 /* LanguageUsersTableDataSource.swift */,
				8599284B1C0D9436000ABE8C /* LocationType.swift */,
				853C48DC1C0921AF00373A92 /* Paginator.swift */,
				85AFEC1E1C0468CB006FC129 /* Ranking.swift */,
				858B91121C085B4C00B510B3 /* SearchOptions.swift */,
				85E656771C13AB8A00BB4278 /* TableStateListener.swift */,
				85E656711C139ED100BB4278 /* TableViewDataSource.swift */,
				85D321201C0219C7001B7C7A /* User.swift */,
				85E6566A1C134B4E00BB4278 /* UsersListResponse.swift */,
			);
			path = Models;
			sourceTree = "<group>";
		};
		85AFEC1D1C0468A1006FC129 /* Controllers */ = {
			isa = PBXGroup;
			children = (
				85D320F11C02062E001B7C7A /* LanguageRankingsController.swift */,
				85198B751C05CE6C007ACC73 /* LanguagesController.swift */,
				85D321241C022480001B7C7A /* UserDetailsController.swift */,
				85168C831C0733BA00091553 /* UsersSearchController.swift */,
			);
			path = Controllers;
			sourceTree = "<group>";
		};
		85D320E31C02062E001B7C7A = {
			isa = PBXGroup;
			children = (
				85D320EE1C02062E001B7C7A /* GitHubAwards */,
				85D321031C02062E001B7C7A /* GitHubAwardsTests */,
				85D3210E1C02062E001B7C7A /* GitHubAwardsUITests */,
				85D320ED1C02062E001B7C7A /* Products */,
				244F8BB1AB6827B60701FFBC /* Pods */,
				285330A629B775DCF5F8AA67 /* Frameworks */,
			);
			sourceTree = "<group>";
		};
		85D320ED1C02062E001B7C7A /* Products */ = {
			isa = PBXGroup;
			children = (
				85D320EC1C02062E001B7C7A /* GitHubAwards.app */,
				85D321001C02062E001B7C7A /* GitHubAwardsTests.xctest */,
				85D3210B1C02062E001B7C7A /* GitHubAwardsUITests.xctest */,
			);
			name = Products;
			sourceTree = "<group>";
		};
		85D320EE1C02062E001B7C7A /* GitHubAwards */ = {
			isa = PBXGroup;
			children = (
				85AFEC1D1C0468A1006FC129 /* Controllers */,
				858B910B1C085A5700B510B3 /* Custom Cells */,
				85820F391C0E2B900069D085 /* CustomViews */,
				8599284F1C0DAB0E000ABE8C /* Extensions */,
				858B910C1C085A7000B510B3 /* Helpers */,
				85AFEC1C1C046898006FC129 /* Models */,
				851D3C361C09131D00870813 /* Networking */,
				85FC70641C244C4900971081 /* Presenters */,
				858B910A1C085A3300B510B3 /* Resources */,
				858B91091C0859F900B510B3 /* Supporting Files */,
				858B910D1C085AC700B510B3 /* Use Cases */,
				85D320F81C02062E001B7C7A /* LaunchScreen.storyboard */,
				85D320F31C02062E001B7C7A /* Main.storyboard */,
			);
			path = GitHubAwards;
			sourceTree = "<group>";
		};
		85D321031C02062E001B7C7A /* GitHubAwardsTests */ = {
			isa = PBXGroup;
			children = (
				85A1D2CE1C2EB39500774F49 /* Mocks */,
				857E2C361C1C87370095DCC0 /* ConvertUsersDictionaryToUsersTests.swift */,
				85D321041C02062E001B7C7A /* GitHubAwardsTests.swift */,
				8599284D1C0D9579000ABE8C /* LocationTypeTests.swift */,
				85A1D2D11C2EB53500774F49 /* NetworkRequesterTests.swift */,
				85E6566C1C134C7000BB4278 /* PaginatorTests.swift */,
				8517ECBE1C2C1EDB00467985 /* RankingPresenterTests.swift */,
				858B91141C085E6400B510B3 /* SearchOptionsTests.swift */,
				859CE4BE1C2FDF3D008A7856 /* UsersListResponseTests.swift */,
				85FC70671C2456FF00971081 /* UserPresenterTests.swift */,
				85D321061C02062E001B7C7A /* Info.plist */,
			);
			path = GitHubAwardsTests;
			sourceTree = "<group>";
		};
		85D3210E1C02062E001B7C7A /* GitHubAwardsUITests */ = {
			isa = PBXGroup;
			children = (
				85D3210F1C02062E001B7C7A /* GitHubAwardsUITests.swift */,
				85D321111C02062E001B7C7A /* Info.plist */,
			);
			path = GitHubAwardsUITests;
			sourceTree = "<group>";
		};
		85FA596C1C17395C0097732B /* Languages */ = {
			isa = PBXGroup;
			children = (
				85FA596A1C1739560097732B /* GetLanguages.swift */,
			);
			name = Languages;
			sourceTree = "<group>";
		};
		85FC70641C244C4900971081 /* Presenters */ = {
			isa = PBXGroup;
			children = (
				85FC70651C244CAA00971081 /* UserPresenter.swift */,
				8517ECBC1C2C11AB00467985 /* RankingPresenter.swift */,
			);
			name = Presenters;
			sourceTree = "<group>";
		};
/* End PBXGroup section */

/* Begin PBXNativeTarget section */
		85D320EB1C02062E001B7C7A /* GitHubAwards */ = {
			isa = PBXNativeTarget;
			buildConfigurationList = 85D321141C02062E001B7C7A /* Build configuration list for PBXNativeTarget "GitHubAwards" */;
			buildPhases = (
				85D320E81C02062E001B7C7A /* Sources */,
				85D320E91C02062E001B7C7A /* Frameworks */,
				85D320EA1C02062E001B7C7A /* Resources */,
			);
			buildRules = (
			);
			dependencies = (
			);
			name = GitHubAwards;
			productName = GitHubAwards;
			productReference = 85D320EC1C02062E001B7C7A /* GitHubAwards.app */;
			productType = "com.apple.product-type.application";
		};
		85D320FF1C02062E001B7C7A /* GitHubAwardsTests */ = {
			isa = PBXNativeTarget;
			buildConfigurationList = 85D321171C02062E001B7C7A /* Build configuration list for PBXNativeTarget "GitHubAwardsTests" */;
			buildPhases = (
				CF9F12D9E26A6BA994E3832E /* Check Pods Manifest.lock */,
				85D320FC1C02062E001B7C7A /* Sources */,
				85D320FD1C02062E001B7C7A /* Frameworks */,
				85D320FE1C02062E001B7C7A /* Resources */,
				F7919E0281C197799902FC73 /* Embed Pods Frameworks */,
				1475C3491796E745893F6E06 /* Copy Pods Resources */,
			);
			buildRules = (
			);
			dependencies = (
				85D321021C02062E001B7C7A /* PBXTargetDependency */,
			);
			name = GitHubAwardsTests;
			productName = GitHubAwardsTests;
			productReference = 85D321001C02062E001B7C7A /* GitHubAwardsTests.xctest */;
			productType = "com.apple.product-type.bundle.unit-test";
		};
		85D3210A1C02062E001B7C7A /* GitHubAwardsUITests */ = {
			isa = PBXNativeTarget;
			buildConfigurationList = 85D3211A1C02062E001B7C7A /* Build configuration list for PBXNativeTarget "GitHubAwardsUITests" */;
			buildPhases = (
				864B95A2CE4626071ACB4FC4 /* Check Pods Manifest.lock */,
				85D321071C02062E001B7C7A /* Sources */,
				85D321081C02062E001B7C7A /* Frameworks */,
				85D321091C02062E001B7C7A /* Resources */,
				89386172A9C751688155A774 /* Copy Pods Resources */,
			);
			buildRules = (
			);
			dependencies = (
				85D3210D1C02062E001B7C7A /* PBXTargetDependency */,
			);
			name = GitHubAwardsUITests;
			productName = GitHubAwardsUITests;
			productReference = 85D3210B1C02062E001B7C7A /* GitHubAwardsUITests.xctest */;
			productType = "com.apple.product-type.bundle.ui-testing";
		};
/* End PBXNativeTarget section */

/* Begin PBXProject section */
		85D320E41C02062E001B7C7A /* Project object */ = {
			isa = PBXProject;
			attributes = {
				LastSwiftUpdateCheck = 0710;
				LastUpgradeCheck = 0710;
				ORGANIZATIONNAME = "Nuno Gonçalves";
				TargetAttributes = {
					85D320EB1C02062E001B7C7A = {
						CreatedOnToolsVersion = 7.1;
					};
					85D320FF1C02062E001B7C7A = {
						CreatedOnToolsVersion = 7.1;
						TestTargetID = 85D320EB1C02062E001B7C7A;
					};
					85D3210A1C02062E001B7C7A = {
						CreatedOnToolsVersion = 7.1;
						TestTargetID = 85D320EB1C02062E001B7C7A;
					};
				};
			};
			buildConfigurationList = 85D320E71C02062E001B7C7A /* Build configuration list for PBXProject "GitHubAwards" */;
			compatibilityVersion = "Xcode 3.2";
			developmentRegion = English;
			hasScannedForEncodings = 0;
			knownRegions = (
				en,
				Base,
			);
			mainGroup = 85D320E31C02062E001B7C7A;
			productRefGroup = 85D320ED1C02062E001B7C7A /* Products */;
			projectDirPath = "";
			projectRoot = "";
			targets = (
				85D320EB1C02062E001B7C7A /* GitHubAwards */,
				85D320FF1C02062E001B7C7A /* GitHubAwardsTests */,
				85D3210A1C02062E001B7C7A /* GitHubAwardsUITests */,
			);
		};
/* End PBXProject section */

/* Begin PBXResourcesBuildPhase section */
		85D320EA1C02062E001B7C7A /* Resources */ = {
			isa = PBXResourcesBuildPhase;
			buildActionMask = 2147483647;
			files = (
				8508B7671C1593230024684F /* 3.png in Resources */,
				85D320FA1C02062E001B7C7A /* LaunchScreen.storyboard in Resources */,
				8508B7681C1593230024684F /* 2.png in Resources */,
				85D320F71C02062E001B7C7A /* Assets.xcassets in Resources */,
				85820F4E1C0E2C1A0069D085 /* tmp-7.gif in Resources */,
				85820F481C0E2C1A0069D085 /* tmp-1.gif in Resources */,
				85820F3D1C0E2BCE0069D085 /* GithubLoadingView.xib in Resources */,
				850485431C104C2B004D952A /* go.png in Resources */,
				857C48991C119FF3000F035C /* background.png in Resources */,
				850485451C104C2B004D952A /* php.png in Resources */,
				857C489D1C11A146000F035C /* img-min.png in Resources */,
				85B501831C10FCC300BBFD56 /* LanguageTitleView.xib in Resources */,
				85820F4D1C0E2C1A0069D085 /* tmp-6.gif in Resources */,
				85820F4C1C0E2C1A0069D085 /* tmp-5.gif in Resources */,
				850485471C104C2B004D952A /* ruby.png in Resources */,
				850485441C104C2B004D952A /* pearl.png in Resources */,
				85D320F51C02062E001B7C7A /* Main.storyboard in Resources */,
				856A72E31C122C1E008415A4 /* css.png in Resources */,
				8504853A1C104AE8004D952A /* javascript.png in Resources */,
				85820F471C0E2C1A0069D085 /* tmp-0.gif in Resources */,
				856A72E41C122C1E008415A4 /* objective-c.png in Resources */,
				850485331C0FB11A004D952A /* AlertView.xib in Resources */,
				856A72E51C122C1E008415A4 /* shell.png in Resources */,
				850485421C104C2B004D952A /* c#.png in Resources */,
				85820F4A1C0E2C1A0069D085 /* tmp-3.gif in Resources */,
				856A72E21C122C1E008415A4 /* c++.png in Resources */,
				850485391C104AE8004D952A /* java.png in Resources */,
				8504853B1C104AE8004D952A /* swift.png in Resources */,
				85820F491C0E2C1A0069D085 /* tmp-2.gif in Resources */,
				85B2C2D21C197EE400112D95 /* star.png in Resources */,
				856A72E11C122C1E008415A4 /* c.png in Resources */,
				850485461C104C2B004D952A /* python.png in Resources */,
				85820F4B1C0E2C1A0069D085 /* tmp-4.gif in Resources */,
				857C489B1C11A041000F035C /* riscas.png in Resources */,
				850485381C104AE8004D952A /* GenericLanguage.png in Resources */,
				8508B7691C1593230024684F /* 1.png in Resources */,
			);
			runOnlyForDeploymentPostprocessing = 0;
		};
		85D320FE1C02062E001B7C7A /* Resources */ = {
			isa = PBXResourcesBuildPhase;
			buildActionMask = 2147483647;
			files = (
			);
			runOnlyForDeploymentPostprocessing = 0;
		};
		85D321091C02062E001B7C7A /* Resources */ = {
			isa = PBXResourcesBuildPhase;
			buildActionMask = 2147483647;
			files = (
			);
			runOnlyForDeploymentPostprocessing = 0;
		};
/* End PBXResourcesBuildPhase section */

/* Begin PBXShellScriptBuildPhase section */
		1475C3491796E745893F6E06 /* Copy Pods Resources */ = {
			isa = PBXShellScriptBuildPhase;
			buildActionMask = 2147483647;
			files = (
			);
			inputPaths = (
			);
			name = "Copy Pods Resources";
			outputPaths = (
			);
			runOnlyForDeploymentPostprocessing = 0;
			shellPath = /bin/sh;
			shellScript = "\"${SRCROOT}/Pods/Target Support Files/Pods-GitHubAwardsTests/Pods-GitHubAwardsTests-resources.sh\"\n";
			showEnvVarsInLog = 0;
		};
		864B95A2CE4626071ACB4FC4 /* Check Pods Manifest.lock */ = {
			isa = PBXShellScriptBuildPhase;
			buildActionMask = 2147483647;
			files = (
			);
			inputPaths = (
			);
			name = "Check Pods Manifest.lock";
			outputPaths = (
			);
			runOnlyForDeploymentPostprocessing = 0;
			shellPath = /bin/sh;
			shellScript = "diff \"${PODS_ROOT}/../Podfile.lock\" \"${PODS_ROOT}/Manifest.lock\" > /dev/null\nif [[ $? != 0 ]] ; then\n    cat << EOM\nerror: The sandbox is not in sync with the Podfile.lock. Run 'pod install' or update your CocoaPods installation.\nEOM\n    exit 1\nfi\n";
			showEnvVarsInLog = 0;
		};
		89386172A9C751688155A774 /* Copy Pods Resources */ = {
			isa = PBXShellScriptBuildPhase;
			buildActionMask = 2147483647;
			files = (
			);
			inputPaths = (
			);
			name = "Copy Pods Resources";
			outputPaths = (
			);
			runOnlyForDeploymentPostprocessing = 0;
			shellPath = /bin/sh;
			shellScript = "\"${SRCROOT}/Pods/Target Support Files/Pods-GitHubAwardsUITests/Pods-GitHubAwardsUITests-resources.sh\"\n";
			showEnvVarsInLog = 0;
		};
		CF9F12D9E26A6BA994E3832E /* Check Pods Manifest.lock */ = {
			isa = PBXShellScriptBuildPhase;
			buildActionMask = 2147483647;
			files = (
			);
			inputPaths = (
			);
			name = "Check Pods Manifest.lock";
			outputPaths = (
			);
			runOnlyForDeploymentPostprocessing = 0;
			shellPath = /bin/sh;
			shellScript = "diff \"${PODS_ROOT}/../Podfile.lock\" \"${PODS_ROOT}/Manifest.lock\" > /dev/null\nif [[ $? != 0 ]] ; then\n    cat << EOM\nerror: The sandbox is not in sync with the Podfile.lock. Run 'pod install' or update your CocoaPods installation.\nEOM\n    exit 1\nfi\n";
			showEnvVarsInLog = 0;
		};
		F7919E0281C197799902FC73 /* Embed Pods Frameworks */ = {
			isa = PBXShellScriptBuildPhase;
			buildActionMask = 2147483647;
			files = (
			);
			inputPaths = (
			);
			name = "Embed Pods Frameworks";
			outputPaths = (
			);
			runOnlyForDeploymentPostprocessing = 0;
			shellPath = /bin/sh;
			shellScript = "\"${SRCROOT}/Pods/Target Support Files/Pods-GitHubAwardsTests/Pods-GitHubAwardsTests-frameworks.sh\"\n";
			showEnvVarsInLog = 0;
		};
/* End PBXShellScriptBuildPhase section */

/* Begin PBXSourcesBuildPhase section */
		85D320E81C02062E001B7C7A /* Sources */ = {
			isa = PBXSourcesBuildPhase;
			buildActionMask = 2147483647;
			files = (
				853C48E11C09A28400373A92 /* GetUser.swift in Sources */,
				85FA59651C1645B00097732B /* K.swift in Sources */,
				858B91131C085B4C00B510B3 /* SearchOptions.swift in Sources */,
				85E656781C13AB8A00BB4278 /* TableStateListener.swift in Sources */,
				85E656721C139ED100BB4278 /* TableViewDataSource.swift in Sources */,
				85820F3C1C0E2BCE0069D085 /* GithubLoadingView.swift in Sources */,
				859928511C0DAB23000ABE8C /* String.swift in Sources */,
				853C48E31C09A35F00373A92 /* CreateBasicUserFromDictionary.swift in Sources */,
				8508B76B1C1593D40024684F /* UIColor.swift in Sources */,
				85D321211C0219C7001B7C7A /* User.swift in Sources */,
				85D321251C022480001B7C7A /* UserDetailsController.swift in Sources */,
				85E656741C139F5100BB4278 /* Book.swift in Sources */,
				856A72E71C12509F008415A4 /* LanguageCell.swift in Sources */,
				85E6566F1C1352C600BB4278 /* PaginaTable.swift in Sources */,
				85820F511C0EF4FC0069D085 /* NotifyError.swift in Sources */,
				8599284C1C0D9436000ABE8C /* LocationType.swift in Sources */,
				85198B761C05CE6C007ACC73 /* LanguagesController.swift in Sources */,
				85D320F21C02062E001B7C7A /* LanguageRankingsController.swift in Sources */,
				8517ECBD1C2C11AB00467985 /* RankingPresenter.swift in Sources */,
				85168C841C0733BA00091553 /* UsersSearchController.swift in Sources */,
				85FC70661C244CAA00971081 /* UserPresenter.swift in Sources */,
				85D321231C0222F4001B7C7A /* ImageLoader.swift in Sources */,
				85D320F01C02062E001B7C7A /* AppDelegate.swift in Sources */,
				85E656761C13A23400BB4278 /* LanguageUsersTableDataSource.swift in Sources */,
				851D3C381C09134600870813 /* NetworkRequester.swift in Sources */,
				857C48951C119307000F035C /* LanguageImage.swift in Sources */,
				851D3C3A1C0913E900870813 /* NetworkResponse.swift in Sources */,
				85FA59671C16D6660097732B /* CreateFullUserFromDictionary.swift in Sources */,
				857E2C331C1C37970095DCC0 /* SearchBar.swift in Sources */,
				85FA59631C15C5C00097732B /* UserTopCell.swift in Sources */,
				85D3211E1C0211C2001B7C7A /* UserCell.swift in Sources */,
				85AFEC1F1C0468CB006FC129 /* Ranking.swift in Sources */,
				850485311C0FB10C004D952A /* AlertView.swift in Sources */,
				85FA596B1C1739560097732B /* GetLanguages.swift in Sources */,
				85B501851C10FD8400BBFD56 /* LanguageTitleView.swift in Sources */,
				85B2C2D01C18D07800112D95 /* UIView.swift in Sources */,
				853C48DF1C0923A700373A92 /* ConvertUsersDictionaryToUsers.swift in Sources */,
				85E6566B1C134B4E00BB4278 /* UsersListResponse.swift in Sources */,
				85D321271C022D86001B7C7A /* RankingCell.swift in Sources */,
				858B91111C085B1600B510B3 /* GetUsers.swift in Sources */,
				853C48DD1C0921AF00373A92 /* Paginator.swift in Sources */,
			);
			runOnlyForDeploymentPostprocessing = 0;
		};
		85D320FC1C02062E001B7C7A /* Sources */ = {
			isa = PBXSourcesBuildPhase;
			buildActionMask = 2147483647;
			files = (
				8599284E1C0D9579000ABE8C /* LocationTypeTests.swift in Sources */,
				859CE4BF1C2FDF3D008A7856 /* UsersListResponseTests.swift in Sources */,
				85FC70681C2456FF00971081 /* UserPresenterTests.swift in Sources */,
				858B91151C085E6400B510B3 /* SearchOptionsTests.swift in Sources */,
				8517ECBF1C2C1EDB00467985 /* RankingPresenterTests.swift in Sources */,
				85D321051C02062E001B7C7A /* GitHubAwardsTests.swift in Sources */,
				85A1D2D01C2EB3A800774F49 /* MockNSURLSession.swift in Sources */,
				85E6566D1C134C7000BB4278 /* PaginatorTests.swift in Sources */,
				857E2C371C1C87370095DCC0 /* ConvertUsersDictionaryToUsersTests.swift in Sources */,
				85A1D2D21C2EB53500774F49 /* NetworkRequesterTests.swift in Sources */,
			);
			runOnlyForDeploymentPostprocessing = 0;
		};
		85D321071C02062E001B7C7A /* Sources */ = {
			isa = PBXSourcesBuildPhase;
			buildActionMask = 2147483647;
			files = (
				85D321101C02062E001B7C7A /* GitHubAwardsUITests.swift in Sources */,
			);
			runOnlyForDeploymentPostprocessing = 0;
		};
/* End PBXSourcesBuildPhase section */

/* Begin PBXTargetDependency section */
		85D321021C02062E001B7C7A /* PBXTargetDependency */ = {
			isa = PBXTargetDependency;
			target = 85D320EB1C02062E001B7C7A /* GitHubAwards */;
			targetProxy = 85D321011C02062E001B7C7A /* PBXContainerItemProxy */;
		};
		85D3210D1C02062E001B7C7A /* PBXTargetDependency */ = {
			isa = PBXTargetDependency;
			target = 85D320EB1C02062E001B7C7A /* GitHubAwards */;
			targetProxy = 85D3210C1C02062E001B7C7A /* PBXContainerItemProxy */;
		};
/* End PBXTargetDependency section */

/* Begin PBXVariantGroup section */
		85D320F31C02062E001B7C7A /* Main.storyboard */ = {
			isa = PBXVariantGroup;
			children = (
				85D320F41C02062E001B7C7A /* Base */,
			);
			name = Main.storyboard;
			path = .;
			sourceTree = "<group>";
		};
		85D320F81C02062E001B7C7A /* LaunchScreen.storyboard */ = {
			isa = PBXVariantGroup;
			children = (
				85D320F91C02062E001B7C7A /* Base */,
			);
			name = LaunchScreen.storyboard;
			path = .;
			sourceTree = "<group>";
		};
/* End PBXVariantGroup section */

/* Begin XCBuildConfiguration section */
		85D321121C02062E001B7C7A /* Debug */ = {
			isa = XCBuildConfiguration;
			buildSettings = {
				ALWAYS_SEARCH_USER_PATHS = NO;
				CLANG_CXX_LANGUAGE_STANDARD = "gnu++0x";
				CLANG_CXX_LIBRARY = "libc++";
				CLANG_ENABLE_MODULES = YES;
				CLANG_ENABLE_OBJC_ARC = YES;
				CLANG_WARN_BOOL_CONVERSION = YES;
				CLANG_WARN_CONSTANT_CONVERSION = YES;
				CLANG_WARN_DIRECT_OBJC_ISA_USAGE = YES_ERROR;
				CLANG_WARN_EMPTY_BODY = YES;
				CLANG_WARN_ENUM_CONVERSION = YES;
				CLANG_WARN_INT_CONVERSION = YES;
				CLANG_WARN_OBJC_ROOT_CLASS = YES_ERROR;
				CLANG_WARN_UNREACHABLE_CODE = YES;
				CLANG_WARN__DUPLICATE_METHOD_MATCH = YES;
				"CODE_SIGN_IDENTITY[sdk=iphoneos*]" = "iPhone Developer";
				COPY_PHASE_STRIP = NO;
				DEBUG_INFORMATION_FORMAT = dwarf;
				ENABLE_STRICT_OBJC_MSGSEND = YES;
				ENABLE_TESTABILITY = YES;
				GCC_C_LANGUAGE_STANDARD = gnu99;
				GCC_DYNAMIC_NO_PIC = NO;
				GCC_NO_COMMON_BLOCKS = YES;
				GCC_OPTIMIZATION_LEVEL = 0;
				GCC_PREPROCESSOR_DEFINITIONS = (
					"DEBUG=1",
					"$(inherited)",
				);
				GCC_WARN_64_TO_32_BIT_CONVERSION = YES;
				GCC_WARN_ABOUT_RETURN_TYPE = YES_ERROR;
				GCC_WARN_UNDECLARED_SELECTOR = YES;
				GCC_WARN_UNINITIALIZED_AUTOS = YES_AGGRESSIVE;
				GCC_WARN_UNUSED_FUNCTION = YES;
				GCC_WARN_UNUSED_VARIABLE = YES;
				IPHONEOS_DEPLOYMENT_TARGET = 9.1;
				MTL_ENABLE_DEBUG_INFO = YES;
				ONLY_ACTIVE_ARCH = YES;
				SDKROOT = iphoneos;
				SWIFT_OPTIMIZATION_LEVEL = "-Onone";
			};
			name = Debug;
		};
		85D321131C02062E001B7C7A /* Release */ = {
			isa = XCBuildConfiguration;
			buildSettings = {
				ALWAYS_SEARCH_USER_PATHS = NO;
				CLANG_CXX_LANGUAGE_STANDARD = "gnu++0x";
				CLANG_CXX_LIBRARY = "libc++";
				CLANG_ENABLE_MODULES = YES;
				CLANG_ENABLE_OBJC_ARC = YES;
				CLANG_WARN_BOOL_CONVERSION = YES;
				CLANG_WARN_CONSTANT_CONVERSION = YES;
				CLANG_WARN_DIRECT_OBJC_ISA_USAGE = YES_ERROR;
				CLANG_WARN_EMPTY_BODY = YES;
				CLANG_WARN_ENUM_CONVERSION = YES;
				CLANG_WARN_INT_CONVERSION = YES;
				CLANG_WARN_OBJC_ROOT_CLASS = YES_ERROR;
				CLANG_WARN_UNREACHABLE_CODE = YES;
				CLANG_WARN__DUPLICATE_METHOD_MATCH = YES;
				"CODE_SIGN_IDENTITY[sdk=iphoneos*]" = "iPhone Developer";
				COPY_PHASE_STRIP = NO;
				DEBUG_INFORMATION_FORMAT = "dwarf-with-dsym";
				ENABLE_NS_ASSERTIONS = NO;
				ENABLE_STRICT_OBJC_MSGSEND = YES;
				GCC_C_LANGUAGE_STANDARD = gnu99;
				GCC_NO_COMMON_BLOCKS = YES;
				GCC_WARN_64_TO_32_BIT_CONVERSION = YES;
				GCC_WARN_ABOUT_RETURN_TYPE = YES_ERROR;
				GCC_WARN_UNDECLARED_SELECTOR = YES;
				GCC_WARN_UNINITIALIZED_AUTOS = YES_AGGRESSIVE;
				GCC_WARN_UNUSED_FUNCTION = YES;
				GCC_WARN_UNUSED_VARIABLE = YES;
				IPHONEOS_DEPLOYMENT_TARGET = 9.1;
				MTL_ENABLE_DEBUG_INFO = NO;
				SDKROOT = iphoneos;
				VALIDATE_PRODUCT = YES;
			};
			name = Release;
		};
		85D321151C02062E001B7C7A /* Debug */ = {
			isa = XCBuildConfiguration;
			buildSettings = {
				ASSETCATALOG_COMPILER_APPICON_NAME = AppIcon;
				INFOPLIST_FILE = "GitHubAwards/Supporting Files/Info.plist";
				LD_RUNPATH_SEARCH_PATHS = "$(inherited) @executable_path/Frameworks";
				PRODUCT_BUNDLE_IDENTIFIER = com.numicago.ios.GitHubAwards;
				PRODUCT_NAME = "$(TARGET_NAME)";
			};
			name = Debug;
		};
		85D321161C02062E001B7C7A /* Release */ = {
			isa = XCBuildConfiguration;
			buildSettings = {
				ASSETCATALOG_COMPILER_APPICON_NAME = AppIcon;
				INFOPLIST_FILE = "GitHubAwards/Supporting Files/Info.plist";
				LD_RUNPATH_SEARCH_PATHS = "$(inherited) @executable_path/Frameworks";
				PRODUCT_BUNDLE_IDENTIFIER = com.numicago.ios.GitHubAwards;
				PRODUCT_NAME = "$(TARGET_NAME)";
			};
			name = Release;
		};
		85D321181C02062E001B7C7A /* Debug */ = {
			isa = XCBuildConfiguration;
			baseConfigurationReference = 3A854A958A36E310FED06DF2 /* Pods-GitHubAwardsTests.debug.xcconfig */;
			buildSettings = {
				BUNDLE_LOADER = "$(TEST_HOST)";
				INFOPLIST_FILE = GitHubAwardsTests/Info.plist;
				LD_RUNPATH_SEARCH_PATHS = "$(inherited) @executable_path/Frameworks @loader_path/Frameworks";
				PRODUCT_BUNDLE_IDENTIFIER = com.numicago.ios.GitHubAwardsTests;
				PRODUCT_NAME = "$(TARGET_NAME)";
				TEST_HOST = "$(BUILT_PRODUCTS_DIR)/GitHubAwards.app/GitHubAwards";
			};
			name = Debug;
		};
		85D321191C02062E001B7C7A /* Release */ = {
			isa = XCBuildConfiguration;
			baseConfigurationReference = E23109ECBE8CEF6CCD2FD34D /* Pods-GitHubAwardsTests.release.xcconfig */;
			buildSettings = {
				BUNDLE_LOADER = "$(TEST_HOST)";
				INFOPLIST_FILE = GitHubAwardsTests/Info.plist;
				LD_RUNPATH_SEARCH_PATHS = "$(inherited) @executable_path/Frameworks @loader_path/Frameworks";
				PRODUCT_BUNDLE_IDENTIFIER = com.numicago.ios.GitHubAwardsTests;
				PRODUCT_NAME = "$(TARGET_NAME)";
				TEST_HOST = "$(BUILT_PRODUCTS_DIR)/GitHubAwards.app/GitHubAwards";
			};
			name = Release;
		};
		85D3211B1C02062E001B7C7A /* Debug */ = {
			isa = XCBuildConfiguration;
			baseConfigurationReference = 6230FC059F797C4270D8300A /* Pods-GitHubAwardsUITests.debug.xcconfig */;
			buildSettings = {
				INFOPLIST_FILE = GitHubAwardsUITests/Info.plist;
				LD_RUNPATH_SEARCH_PATHS = "$(inherited) @executable_path/Frameworks @loader_path/Frameworks";
				PRODUCT_BUNDLE_IDENTIFIER = com.numicago.ios.GitHubAwardsUITests;
				PRODUCT_NAME = "$(TARGET_NAME)";
				TEST_TARGET_NAME = GitHubAwards;
				USES_XCTRUNNER = YES;
			};
			name = Debug;
		};
		85D3211C1C02062E001B7C7A /* Release */ = {
			isa = XCBuildConfiguration;
			baseConfigurationReference = 2B319D43CCBBE8461B0F40D8 /* Pods-GitHubAwardsUITests.release.xcconfig */;
			buildSettings = {
				INFOPLIST_FILE = GitHubAwardsUITests/Info.plist;
				LD_RUNPATH_SEARCH_PATHS = "$(inherited) @executable_path/Frameworks @loader_path/Frameworks";
				PRODUCT_BUNDLE_IDENTIFIER = com.numicago.ios.GitHubAwardsUITests;
				PRODUCT_NAME = "$(TARGET_NAME)";
				TEST_TARGET_NAME = GitHubAwards;
				USES_XCTRUNNER = YES;
			};
			name = Release;
		};
/* End XCBuildConfiguration section */

/* Begin XCConfigurationList section */
		85D320E71C02062E001B7C7A /* Build configuration list for PBXProject "GitHubAwards" */ = {
			isa = XCConfigurationList;
			buildConfigurations = (
				85D321121C02062E001B7C7A /* Debug */,
				85D321131C02062E001B7C7A /* Release */,
			);
			defaultConfigurationIsVisible = 0;
			defaultConfigurationName = Release;
		};
		85D321141C02062E001B7C7A /* Build configuration list for PBXNativeTarget "GitHubAwards" */ = {
			isa = XCConfigurationList;
			buildConfigurations = (
				85D321151C02062E001B7C7A /* Debug */,
				85D321161C02062E001B7C7A /* Release */,
			);
			defaultConfigurationIsVisible = 0;
			defaultConfigurationName = Release;
		};
		85D321171C02062E001B7C7A /* Build configuration list for PBXNativeTarget "GitHubAwardsTests" */ = {
			isa = XCConfigurationList;
			buildConfigurations = (
				85D321181C02062E001B7C7A /* Debug */,
				85D321191C02062E001B7C7A /* Release */,
			);
			defaultConfigurationIsVisible = 0;
			defaultConfigurationName = Release;
		};
		85D3211A1C02062E001B7C7A /* Build configuration list for PBXNativeTarget "GitHubAwardsUITests" */ = {
			isa = XCConfigurationList;
			buildConfigurations = (
				85D3211B1C02062E001B7C7A /* Debug */,
				85D3211C1C02062E001B7C7A /* Release */,
			);
			defaultConfigurationIsVisible = 0;
			defaultConfigurationName = Release;
		};
/* End XCConfigurationList section */
	};
	rootObject = 85D320E41C02062E001B7C7A /* Project object */;
}
