{
  "object": {
    "pins": [
      {
        "package": "CwlCatchException",
        "repositoryURL": "https://github.com/mattgallagher/CwlCatchException.git",
        "state": {
          "branch": null,
          "revision": "7cd2f8cacc4d22f21bc0b2309c3b18acf7957b66",
          "version": "1.2.0"
        }
      },
      {
        "package": "CwlPreconditionTesting",
        "repositoryURL": "https://github.com/mattgallagher/CwlPreconditionTesting.git",
        "state": {
          "branch": null,
          "revision": "c228db5d2ad1b01ebc84435e823e6cca4e3db98b",
          "version": "1.2.0"
        }
      },
      {
        "package": "Nimble",
        "repositoryURL": "git@github.com:Quick/Nimble.git",
        "state": {
          "branch": null,
          "revision": "6abeb3f5c03beba2b9e4dbe20886e773b5b629b6",
          "version": "8.0.4"
        }
      },
      {
        "package": "Nuke",
        "repositoryURL": "https://github.com/nunogoncalves/Nuke",
        "state": {
          "branch": null,
          "revision": "9318d02a8a6d20af56505c9673261c1fd3b3aebe",
          "version": "7.6.3"
        }
      },
      {
        "package": "Quick",
        "repositoryURL": "git@github.com:Quick/Quick.git",
        "state": {
          "branch": null,
          "revision": "33682c2f6230c60614861dfc61df267e11a1602f",
          "version": "2.2.0"
        }
      },
      {
        "package": "SwiftSoup",
        "repositoryURL": "git@github.com:scinfu/SwiftSoup.git",
        "state": {
          "branch": null,
          "revision": "11da8c685ddde2d519fad04a7daf8485bbbc773e",
          "version": "1.7.5"
        }
      },
      {
        "package": "Xtensions",
        "repositoryURL": "git@github.com:nunogoncalves/Xtensions.git",
        "state": {
          "branch": null,
          "revision": "0458818dc17e8e71b6cc60c9b808a64e55edaac7",
          "version": "0.3.0"
        }
      }
    ]
  },
  "version": 1
}
