{
  "object": {
    "pins": [
      {
        "package": "Nuke",
        "repositoryURL": "https://github.com/nunogoncalves/Nuke",
        "state": {
          "branch": null,
          "revision": "9318d02a8a6d20af56505c9673261c1fd3b3aebe",
          "version": "7.6.3"
        }
      },
      {
        "package": "Xtensions",
        "repositoryURL": "git@github.com:nunogoncalves/Xtensions.git",
        "state": {
          "branch": null,
          "revision": "8ea5ea32bfcc1f2a937c34b1e64fef246535305f",
          "version": "0.2.0"
        }
      }
    ]
  },
  "version": 1
}
